
Microsoft Visual Studio Solution File, Format Version 12.00
# Visual Studio Version 17
VisualStudioVersion = 17.8.34525.116
MinimumVisualStudioVersion = 10.0.40219.1
Project("{FAE04EC0-301F-11D3-BF4B-00C04F79EFBC}") = "LeetCode 128 - Longest Consecutive Sequence", "LeetCode 128 - Longest Consecutive Sequence.csproj", "{FA6BBCFA-2EF5-47CB-9FA2-6B4FA90CA083}"
EndProject
Global
	GlobalSection(SolutionConfigurationPlatforms) = preSolution
		Debug|Any CPU = Debug|Any CPU
		Release|Any CPU = Release|Any CPU
	EndGlobalSection
	GlobalSection(ProjectConfigurationPlatforms) = postSolution
		{FA6BBCFA-2EF5-47CB-9FA2-6B4FA90CA083}.Debug|Any CPU.ActiveCfg = Debug|Any CPU
		{FA6BBCFA-2EF5-47CB-9FA2-6B4FA90CA083}.Debug|Any CPU.Build.0 = Debug|Any CPU
		{FA6BBCFA-2EF5-47CB-9FA2-6B4FA90CA083}.Release|Any CPU.ActiveCfg = Release|Any CPU
		{FA6BBCFA-2EF5-47CB-9FA2-6B4FA90CA083}.Release|Any CPU.Build.0 = Release|Any CPU
	EndGlobalSection
	GlobalSection(SolutionProperties) = preSolution
		HideSolutionNode = FALSE
	EndGlobalSection
	GlobalSection(ExtensibilityGlobals) = postSolution
		SolutionGuid = {D7072850-7499-4D18-95FE-A5EF88645E12}
	EndGlobalSection
EndGlobal
